
Microsoft Visual Studio Solution File, Format Version 12.00
# Visual Studio Version 17
VisualStudioVersion = 17.2.32526.322
MinimumVisualStudioVersion = 10.0.40219.1
Project("{FAE04EC0-301F-11D3-BF4B-00C04F79EFBC}") = "pupusaApi", "pupusaApi\pupusaApi.csproj", "{25D1396B-A00F-4616-89C9-4B9C1ABA88EA}"
EndProject
Global
	GlobalSection(SolutionConfigurationPlatforms) = preSolution
		Debug|Any CPU = Debug|Any CPU
		Release|Any CPU = Release|Any CPU
	EndGlobalSection
	GlobalSection(ProjectConfigurationPlatforms) = postSolution
		{25D1396B-A00F-4616-89C9-4B9C1ABA88EA}.Debug|Any CPU.ActiveCfg = Debug|Any CPU
		{25D1396B-A00F-4616-89C9-4B9C1ABA88EA}.Debug|Any CPU.Build.0 = Debug|Any CPU
		{25D1396B-A00F-4616-89C9-4B9C1ABA88EA}.Release|Any CPU.ActiveCfg = Release|Any CPU
		{25D1396B-A00F-4616-89C9-4B9C1ABA88EA}.Release|Any CPU.Build.0 = Release|Any CPU
	EndGlobalSection
	GlobalSection(SolutionProperties) = preSolution
		HideSolutionNode = FALSE
	EndGlobalSection
	GlobalSection(ExtensibilityGlobals) = postSolution
		SolutionGuid = {2FF66804-800A-4302-8BB9-E136A44027B6}
	EndGlobalSection
EndGlobal
